# THIS IS AN AUTOGENERATED FILE. DO NOT EDIT THIS FILE DIRECTLY.
# yarn lockfile v1


"@fullcalendar/common@~5.8.0":
  version "5.8.0"
  resolved "https://registry.yarnpkg.com/@fullcalendar/common/-/common-5.8.0.tgz#43e79e26e6347af83baaa603157aced67e23d549"
  integrity sha512-cKmXNgo/9auw86MOwXxA+5FRrgvbE93C9YDwic+Alfm3bUruDTzJDnuvRndrFVurpSBLm6/ZitaR+yoWKLIsgA==
  dependencies:
    tslib "^2.1.0"

"@fullcalendar/daygrid@5.8.0":
  version "5.8.0"
  resolved "https://registry.yarnpkg.com/@fullcalendar/daygrid/-/daygrid-5.8.0.tgz#6a5991886ed3323366f72e7614ac8907cbd8d998"
  integrity sha512-VrqwI97cewoUjFrKT67sS+f+JANI8xMx0g5bpM0XgV/KEEwvXpH5OmwkFSbXOnx1m4RXsvolQc6EBZpnJCf69Q==
  dependencies:
    "@fullcalendar/common" "~5.8.0"
    tslib "^2.1.0"

"@fullcalendar/react@5.8.0":
  version "5.8.0"
  resolved "https://registry.yarnpkg.com/@fullcalendar/react/-/react-5.8.0.tgz#4e5dbcb48b82db61b359de9f0b6e6a49483ace91"
  integrity sha512-lGvExh2It8eEfH/Pu9Al6NExwAsq4zXFspcKeXjCARqETUqI0hL7PXuxwvedFlAGUuj2cdbpEnasFc89rGeENA==
  dependencies:
    "@fullcalendar/common" "~5.8.0"
    tslib "^2.1.0"

tslib@^2.1.0:
  version "2.3.0"
  resolved "https://registry.yarnpkg.com/tslib/-/tslib-2.3.0.tgz#803b8cdab3e12ba581a4ca41c8839bbb0dacb09e"
  integrity sha512-N82ooyxVNm6h1riLCoyS9e3fuJ3AMG2zIZs2Gd1ATcSFjSA23Q0fzjjZeh0jbJvWVDZ0cJT8yaNNaaXHzueNjg==
